
Microsoft Visual Studio Solution File, Format Version 12.00
# Visual Studio Version 17
VisualStudioVersion = 17.8.34330.188
MinimumVisualStudioVersion = 10.0.40219.1
Project("{9A19103F-16F7-4668-BE54-9A1E7A4F7556}") = "GeneticLogi-API", "GeneticLogi-API\GeneticLogi-API.csproj", "{E4473694-FBDE-4733-8CC2-1C744FB36622}"
EndProject
Project("{E53339B2-1760-4266-BCC7-CA923CBCF16C}") = "docker-compose", "docker-compose.dcproj", "{DCF6962D-79F7-41F5-B0DE-4EF65601693F}"
EndProject
Project("{FAE04EC0-301F-11D3-BF4B-00C04F79EFBC}") = "GeneticLogi-CostService", "..\GeneticLogi-CostService\GeneticLogi-CostService.csproj", "{A1BA0798-9D7C-46DE-9587-E0F9E4C414CE}"
EndProject
Global
	GlobalSection(SolutionConfigurationPlatforms) = preSolution
		Debug|Any CPU = Debug|Any CPU
		Release|Any CPU = Release|Any CPU
	EndGlobalSection
	GlobalSection(ProjectConfigurationPlatforms) = postSolution
		{E4473694-FBDE-4733-8CC2-1C744FB36622}.Debug|Any CPU.ActiveCfg = Debug|Any CPU
		{E4473694-FBDE-4733-8CC2-1C744FB36622}.Debug|Any CPU.Build.0 = Debug|Any CPU
		{E4473694-FBDE-4733-8CC2-1C744FB36622}.Release|Any CPU.ActiveCfg = Release|Any CPU
		{E4473694-FBDE-4733-8CC2-1C744FB36622}.Release|Any CPU.Build.0 = Release|Any CPU
		{DCF6962D-79F7-41F5-B0DE-4EF65601693F}.Debug|Any CPU.ActiveCfg = Debug|Any CPU
		{DCF6962D-79F7-41F5-B0DE-4EF65601693F}.Debug|Any CPU.Build.0 = Debug|Any CPU
		{DCF6962D-79F7-41F5-B0DE-4EF65601693F}.Release|Any CPU.ActiveCfg = Release|Any CPU
		{DCF6962D-79F7-41F5-B0DE-4EF65601693F}.Release|Any CPU.Build.0 = Release|Any CPU
		{A1BA0798-9D7C-46DE-9587-E0F9E4C414CE}.Debug|Any CPU.ActiveCfg = Debug|Any CPU
		{A1BA0798-9D7C-46DE-9587-E0F9E4C414CE}.Debug|Any CPU.Build.0 = Debug|Any CPU
		{A1BA0798-9D7C-46DE-9587-E0F9E4C414CE}.Release|Any CPU.ActiveCfg = Release|Any CPU
		{A1BA0798-9D7C-46DE-9587-E0F9E4C414CE}.Release|Any CPU.Build.0 = Release|Any CPU
	EndGlobalSection
	GlobalSection(SolutionProperties) = preSolution
		HideSolutionNode = FALSE
	EndGlobalSection
	GlobalSection(ExtensibilityGlobals) = postSolution
		SolutionGuid = {92D2B8C8-75C1-4F5D-BC4E-FB164013A2FB}
	EndGlobalSection
EndGlobal
